{
    "version": 3,
    "terraform_version": "0.11.10",
    "serial": 1,
    "lineage": "e3daca1c-d431-312e-9212-357c7e483983",
    "modules": [
        {
            "path": [
                "root"
            ],
            "outputs": {},
            "resources": {
                "google_compute_network.test-network": {
                    "type": "google_compute_network",
                    "depends_on": [],
                    "primary": {
                        "id": "test-gke-nw",
                        "attributes": {
                            "auto_create_subnetworks": "false",
                            "description": "",
                            "gateway_ipv4": "",
                            "id": "test-gke-nw",
                            "ipv4_range": "",
                            "name": "test-gke-nw",
                            "project": "learn-internal",
                            "routing_mode": "GLOBAL",
                            "self_link": "https://www.googleapis.com/compute/v1/projects/learn-internal/global/networks/test-gke-nw"
                        },
                        "meta": {},
                        "tainted": false
                    },
                    "deposed": [],
                    "provider": "provider.google"
                },
                "google_compute_subnetwork.test-snw": {
                    "type": "google_compute_subnetwork",
                    "depends_on": [
                        "google_compute_network.test-network"
                    ],
                    "primary": {
                        "id": "asia-south1/test-gke-snw",
                        "attributes": {
                            "creation_timestamp": "2019-01-03T23:13:13.681-08:00",
                            "description": "",
                            "enable_flow_logs": "false",
                            "fingerprint": "tnpPKAzGN1s=",
                            "gateway_address": "10.5.0.1",
                            "id": "asia-south1/test-gke-snw",
                            "ip_cidr_range": "10.5.0.0/16",
                            "name": "test-gke-snw",
                            "network": "https://www.googleapis.com/compute/v1/projects/learn-internal/global/networks/test-gke-nw",
                            "private_ip_google_access": "false",
                            "project": "learn-internal",
                            "region": "asia-south1",
                            "secondary_ip_range.#": "0",
                            "self_link": "https://www.googleapis.com/compute/v1/projects/learn-internal/regions/asia-south1/subnetworks/test-gke-snw"
                        },
                        "meta": {
                            "e2bfb730-ecaa-11e6-8f88-34363bc7c4c0": {
                                "create": 360000000000,
                                "delete": 360000000000,
                                "update": 360000000000
                            }
                        },
                        "tainted": false
                    },
                    "deposed": [],
                    "provider": "provider.google"
                },
                "google_container_cluster.primary": {
                    "type": "google_container_cluster",
                    "depends_on": [
                        "google_compute_network.test-network",
                        "google_compute_subnetwork.test-snw"
                    ],
                    "primary": {
                        "id": "my-cluster",
                        "attributes": {
                            "additional_zones.#": "2",
                            "additional_zones.2161376117": "asia-south1-b",
                            "additional_zones.2580073012": "asia-south1-c",
                            "addons_config.#": "1",
                            "addons_config.0.horizontal_pod_autoscaling.#": "0",
                            "addons_config.0.http_load_balancing.#": "0",
                            "addons_config.0.kubernetes_dashboard.#": "1",
                            "addons_config.0.kubernetes_dashboard.0.disabled": "true",
                            "addons_config.0.network_policy_config.#": "1",
                            "addons_config.0.network_policy_config.0.disabled": "true",
                            "cluster_autoscaling.#": "0",
                            "cluster_ipv4_cidr": "172.16.0.0/16",
                            "description": "",
                            "enable_binary_authorization": "false",
                            "enable_kubernetes_alpha": "false",
                            "enable_legacy_abac": "false",
                            "enable_tpu": "false",
                            "endpoint": "35.200.161.124",
                            "id": "my-cluster",
                            "initial_node_count": "2",
                            "instance_group_urls.#": "3",
                            "instance_group_urls.0": "https://www.googleapis.com/compute/v1/projects/learn-internal/zones/asia-south1-b/instanceGroups/gke-my-cluster-default-pool-37b7cc51-grp",
                            "instance_group_urls.1": "https://www.googleapis.com/compute/v1/projects/learn-internal/zones/asia-south1-c/instanceGroups/gke-my-cluster-default-pool-b82191e8-grp",
                            "instance_group_urls.2": "https://www.googleapis.com/compute/v1/projects/learn-internal/zones/asia-south1-a/instanceGroups/gke-my-cluster-default-pool-d1e86f49-grp",
                            "ip_allocation_policy.#": "0",
                            "logging_service": "logging.googleapis.com",
                            "maintenance_policy.#": "0",
                            "master_auth.#": "1",
                            "master_auth.0.client_certificate": "LS0tLS1CRUdJTiBDRVJUSUZJQ0FURS0tLS0tCk1JSUMyekNDQWNPZ0F3SUJBZ0lSQU1EQ2puZ1RNTVcvRXdSSkY5azFaYWd3RFFZSktvWklodmNOQVFFTEJRQXcKTHpFdE1Dc0dBMVVFQXhNa09EWXdPVGd5TVRrdFlXWTJaQzAwTW1ObUxXRTBZVGd0TTJRNE5EZzRORFkwTnpsaQpNQjRYRFRFNU1ERXdOREEzTVRNeU4xb1hEVEkwTURFd016QTNNVE15TjFvd0VURVBNQTBHQTFVRUF4TUdZMnhwClpXNTBNSUlCSWpBTkJna3Foa2lHOXcwQkFRRUZBQU9DQVE4QU1JSUJDZ0tDQVFFQXRJREhEMFpjdHd5T2tGNVYKZzBzdDhVaDd3dVNOOWNFbWxYUkhOaHB3THlndlpnTTkzbks5UEh2RE1VUEJpSEo0a3J3VHMvMVhsMisyTUJNMAorNy9xR2V0TXdDZ2RQOGxuSjhTWDhidnMvT2Y5bm5IL1ZmWE1pLzY4RTVOWXdYM1BadFRtbFBYVHlBNTdlcyt6Ck9ZVll6RUpWMmxGMU9zL1hGcDQ1NnR4OFV6bmVkS1hqR1YrR2RWaTVHcDJTVW5uVVNRS0VHM1hONTJjV2Q4R3MKbGRMcE5tNFU5ZUNZSjVIbks3TUswdUptOUxRTWV3OXVEVVMyclp5UE1HYUlxdTFPUUdpYTE5dlJVTEx4Q1gzVwpMd0JJYlNheGFqQkhPS3RQcCtzb3pKbExCZnNiRnk5NmJOMUNlb3RTS296TEN5VHpZOVQvNFVKeWp2RExTOXR6Cjkycy9TUUlEQVFBQm94QXdEakFNQmdOVkhSTUJBZjhFQWpBQU1BMEdDU3FHU0liM0RRRUJDd1VBQTRJQkFRQVoKZG9VcGtJKzdYQlZ2eVhhMUV1TzZtdENCYk9iMzBESjBYYkJPdzJmdHZqbWtudGJBMHhSSHlaTkxIZmRaSGNGbgpaWkk4RFQ2MXZETDNMQXBFTEkyYkJUQ1hrVVBEOEZSM1B0dHYrSm03T0VQcHFpclAraVN4ZlEvamJQQTZHRVJaCko1VnNGL3pZbHNJVnVIMVBsTHpNdzFUTzdHNEJ6MG5hR2ZPSHgvYzFwWHZSKzFreUpRS2RNVDFOS1R5MUZRZEIKVGdLVEdCbmhKVWNVQTFNaUwyblZDbFBrby9Td2pvS0E3cmg4TFVRK3JUNHVOWFk0c0hXQUhNWFRVLzlSL2VHSwp4QnpEWmJYWm41SmF0QlJGclJzWGxQRFduOW5DUTJ4T0NRUUhsYzNKaElTSm5MLzlJZWV0UVBEUURiMXJmUkZQCktoZ3F2Mlc1dmI3aW43TVZuZ0VXCi0tLS0tRU5EIENFUlRJRklDQVRFLS0tLS0K",
                            "master_auth.0.client_certificate_config.#": "0",
                            "master_auth.0.client_key": "LS0tLS1CRUdJTiBSU0EgUFJJVkFURSBLRVktLS0tLQpNSUlFb2dJQkFBS0NBUUVBdElESEQwWmN0d3lPa0Y1Vmcwc3Q4VWg3d3VTTjljRW1sWFJITmhwd0x5Z3ZaZ005CjNuSzlQSHZETVVQQmlISjRrcndUcy8xWGwyKzJNQk0wKzcvcUdldE13Q2dkUDhsbko4U1g4YnZzL09mOW5uSC8KVmZYTWkvNjhFNU5Zd1gzUFp0VG1sUFhUeUE1N2VzK3pPWVZZekVKVjJsRjFPcy9YRnA0NTZ0eDhVem5lZEtYagpHVitHZFZpNUdwMlNVbm5VU1FLRUczWE41MmNXZDhHc2xkTHBObTRVOWVDWUo1SG5LN01LMHVKbTlMUU1ldzl1CkRVUzJyWnlQTUdhSXF1MU9RR2lhMTl2UlVMTHhDWDNXTHdCSWJTYXhhakJIT0t0UHArc296SmxMQmZzYkZ5OTYKYk4xQ2VvdFNLb3pMQ3lUelk5VC80VUp5anZETFM5dHo5MnMvU1FJREFRQUJBb0lCQUJ6ak9UaGtHZVYvd0hjeAphYjBiOUl2WGZsc1lDZklwU2R3RVluc3hxditaRGxEa3R1dVpjRmkwTSs1MytncTB5MEFza25pdFZHM2Job3hXCkhwWWx4amtFcytGUzZpOXhzNjBsSk80ZWxkUjU2bGlIeFFZRVV3cWFwNDM0ZUcxckRaelcrTm9oSjVZdVh5dXQKL3ZCM08xbGhTbTBvdVRyQzFaajhsS2RXUngxb2NjUnpySkZaY0U0dkZrN3ZoeFRhTGNpM0laekg0RzZCS3BmaQp0WW9oaTc1NFVZV0FCZnI1emorUW9RT3h1UWJoYXZDVFJDTjd5a0NROGIzVUFBejZDeHhUemswbVRRODBKMVpzClhKTms0THdsRGtwT2lDL0w1dlJGbmVvUXBDazBIeGxHVGRDc2kyeUNqR2ZMZDRVM0gxTEdkQ3ZYNkxHZWdBdjMKa2lPZVpta0NnWUVBOFFZcm9wZWFiOFkxcXh2NEtUWkl1dmFXbjBjNWM1WnVIeGRFc2NlVHZWRWlCTTBhL3g0dQo1NERmWjZSR2VhYVRlMEVBZ2pKa3pTU1VPYTd3aElXb3Uzem1Zam5mTGUrMWhwMXMyMks5eEhWaWZmQ1VucmI1CmROQmRlQmtTelJGdGdnc1loWjVXbjE4RitPblZZOEFFc215YWgrTmdQYk15V1puaGJqZ1JHN1VDZ1lFQXY3ZnYKRkRHMloxTDU1Q3Z0S0JRcTRrTEVHR0ZXTzJIb3VIb2UvKzluQzJKZmJrcTc2NjVkRE1vaDczSzh3eG9PQlpjeApaM1lybUQrK1lpZUpoVmtrNDlaRW5POE44MG9kWFViVytZOGVwUytuSlRNcit5U2RKcWtFdS9MaTUveHVEa1NGCnloVGxqbVZ3czZtbDdwNFBVRnQyeUFxcjJZTU55aG5FZUNxRFdjVUNnWUJ2cGFJVTRSRWk4YmZ1bVRndEx2NGwKelJBY25BdWE1WFlCWk8vblFrSEhrb3VsbWJVRnRGK1owWEtyT2NlRGxvdityaStrSDkvZHZ6SUNQbTBmbGlLQgpKdXc1V0FGdjcvZ3djVC81cUJXcnFZeUVOaXRDRWhRZjdsMDl3cStZMnBmVmczcEtldnc1T3ZVelJtNFlsTndZCklvSzZxN0xySWRVUytGc2FpVkl6ZVFLQmdFbHNYUUNqNVZKKzRic3o0M2lrK0tOOHBITWQzQk9UOUxlcDlYTloKTVdLWHd5cVBMcGNkU1ArYjdoRXhKUCtuVzlWaVNRWnhxRkovbng4aU96VzVwVG9vbGxCdjhTektwcUpSZmdWSApmWm9QdlBpdk4xblFkT3NZY2ZxMUU1ZDdBbjh1V1ByQ3RBT3I3OVN1MVNDa29nTEpkSjA2RVFTVmYxTjJPTnM0CmxPTnRBb0dBTDV6eUNib0tNMU5td2NGcU13eGVGNDIrZzQrQWZ2Y2xaU2x2MXZ5N0JDSzF4TFE2dGRTRE10SDQKUUd0SjNSQlorRWw4ZUQvQlhSZnFtTlgxVkNobXpEZmZZZmFMTVJ4eDUxa1JOQ0dUZEhRSjUwMjRtVXVwekt3dwprRXNDQW5YY3VkdTVjZ09BVkt6TzZVUll6Y2hpQzlTbVdXZUlRQ3hYb2xWeHVOd29lcG89Ci0tLS0tRU5EIFJTQSBQUklWQVRFIEtFWS0tLS0tCg==",
                            "master_auth.0.cluster_ca_certificate": "LS0tLS1CRUdJTiBDRVJUSUZJQ0FURS0tLS0tCk1JSURDekNDQWZPZ0F3SUJBZ0lRVlZENU82RndxdnpFWUVGcTNZeXZ6akFOQmdrcWhraUc5dzBCQVFzRkFEQXYKTVMwd0t3WURWUVFERXlRNE5qQTVPREl4T1MxaFpqWmtMVFF5WTJZdFlUUmhPQzB6WkRnME9EZzBOalEzT1dJdwpIaGNOTVRrd01UQTBNRFl4TXpJMldoY05NalF3TVRBek1EY3hNekkyV2pBdk1TMHdLd1lEVlFRREV5UTROakE1Ck9ESXhPUzFoWmpaa0xUUXlZMll0WVRSaE9DMHpaRGcwT0RnME5qUTNPV0l3Z2dFaU1BMEdDU3FHU0liM0RRRUIKQVFVQUE0SUJEd0F3Z2dFS0FvSUJBUUN2Nm1mN29ZYURrYi9aSjYrQU1MSkgxb09vRHcrU3BBZFpSejgwejNLSwpLNVZTNHJESDZ3Q3JBSlVjYVVPLzBKQ0hZbityMXZWQWNGMVhWaFVXUEZyWDljYklvYkFUQ2RyVE1yckVuYXVaCngwei9NOXBjM3QxRmMvWW5JQm1NZ0JibElsYytGTVpvbEh3ZEkvelk3OFdRajQzT3FqMHhGbk1WMmR2NEMrZEsKblk0NkRHR1NHcWlKUFpDRHJFSnIwVktaVGQ5Z1lLRWFUUUZPa0hYdjdKSUtEWUpyQWpCK1FXRjA2TUdhNDNwSQptUXBNOUdPMkp1Y1piWnNNUXMzVVNGRGplSVZyeDB4NWFFaEtsTktBL09tU28vOFhBYjRtYkQ5dmVPOXkwSS9JCnM4eXlQSit1R3NGZWVMbmx0eC9zTGZGYnBkZkU5ekVJemhzazNURytrV1ZmQWdNQkFBR2pJekFoTUE0R0ExVWQKRHdFQi93UUVBd0lDQkRBUEJnTlZIUk1CQWY4RUJUQURBUUgvTUEwR0NTcUdTSWIzRFFFQkN3VUFBNElCQVFCNwo3OUxFU1laczJFOWwwajNhekxpcitWWEZGSnlkYWdydWZ6U25oK2xSU2JMRld2MVFWYWNNTDd5U1RIaHJqRGRJCmhmUm55ckUzWjM2bEs5THVsZjVXWGlEaDZ3T1Noemk0YjZtQW96YzdzbUdJQ1pOMHk1Y253YlRKOElHQlZvZ0kKQldhKzgyTTRkZkNWSTNVMVVYTlQyZldKU3RST1lEZ0V3SzlIckVKRGkvTGFONW9wdVZZZFpVOEszWG10YlF0YwpDMzRHRm5lY2dDUUNOUXM0NTRrNVdnL1VSdnFHWmdYMzZRNDhzdU9zMkFxWVR2SnJJYWFTN0VrSHBweEJFa0hBClhUVzhjQjllOE9Od1pvVnAxdkpsYkhBcSs5VVlKbXRaNVVtV2syY0NFOFJoQUJvcXRQZUY2Z1lHbWJhRG9VL2YKMHJHdENSN2tjVXUrREVkOFVWdW0KLS0tLS1FTkQgQ0VSVElGSUNBVEUtLS0tLQo=",
                            "master_auth.0.password": "test123456789012",
                            "master_auth.0.username": "test",
                            "master_authorized_networks_config.#": "0",
                            "master_ipv4_cidr_block": "",
                            "master_version": "1.10.9-gke.5",
                            "monitoring_service": "monitoring.googleapis.com",
                            "name": "my-cluster",
                            "network": "projects/learn-internal/global/networks/test-gke-nw",
                            "network_policy.#": "1",
                            "network_policy.0.enabled": "false",
                            "network_policy.0.provider": "PROVIDER_UNSPECIFIED",
                            "node_config.#": "1",
                            "node_config.0.disk_size_gb": "100",
                            "node_config.0.disk_type": "pd-standard",
                            "node_config.0.guest_accelerator.#": "0",
                            "node_config.0.image_type": "COS",
                            "node_config.0.labels.%": "0",
                            "node_config.0.local_ssd_count": "0",
                            "node_config.0.machine_type": "n1-standard-1",
                            "node_config.0.metadata.%": "0",
                            "node_config.0.min_cpu_platform": "",
                            "node_config.0.oauth_scopes.#": "6",
                            "node_config.0.oauth_scopes.1277378754": "https://www.googleapis.com/auth/monitoring",
                            "node_config.0.oauth_scopes.1632638332": "https://www.googleapis.com/auth/devstorage.read_only",
                            "node_config.0.oauth_scopes.172152165": "https://www.googleapis.com/auth/logging.write",
                            "node_config.0.oauth_scopes.316356861": "https://www.googleapis.com/auth/service.management.readonly",
                            "node_config.0.oauth_scopes.3663490875": "https://www.googleapis.com/auth/servicecontrol",
                            "node_config.0.oauth_scopes.3859019814": "https://www.googleapis.com/auth/trace.append",
                            "node_config.0.preemptible": "false",
                            "node_config.0.service_account": "default",
                            "node_config.0.tags.#": "0",
                            "node_config.0.taint.#": "0",
                            "node_config.0.workload_metadata_config.#": "0",
                            "node_pool.#": "1",
                            "node_pool.0.autoscaling.#": "0",
                            "node_pool.0.initial_node_count": "2",
                            "node_pool.0.instance_group_urls.#": "3",
                            "node_pool.0.instance_group_urls.0": "https://www.googleapis.com/compute/v1/projects/learn-internal/zones/asia-south1-b/instanceGroupManagers/gke-my-cluster-default-pool-37b7cc51-grp",
                            "node_pool.0.instance_group_urls.1": "https://www.googleapis.com/compute/v1/projects/learn-internal/zones/asia-south1-c/instanceGroupManagers/gke-my-cluster-default-pool-b82191e8-grp",
                            "node_pool.0.instance_group_urls.2": "https://www.googleapis.com/compute/v1/projects/learn-internal/zones/asia-south1-a/instanceGroupManagers/gke-my-cluster-default-pool-d1e86f49-grp",
                            "node_pool.0.management.#": "1",
                            "node_pool.0.management.0.auto_repair": "false",
                            "node_pool.0.management.0.auto_upgrade": "false",
                            "node_pool.0.max_pods_per_node": "0",
                            "node_pool.0.name": "default-pool",
                            "node_pool.0.name_prefix": "",
                            "node_pool.0.node_config.#": "1",
                            "node_pool.0.node_config.0.disk_size_gb": "100",
                            "node_pool.0.node_config.0.disk_type": "pd-standard",
                            "node_pool.0.node_config.0.guest_accelerator.#": "0",
                            "node_pool.0.node_config.0.image_type": "COS",
                            "node_pool.0.node_config.0.labels.%": "0",
                            "node_pool.0.node_config.0.local_ssd_count": "0",
                            "node_pool.0.node_config.0.machine_type": "n1-standard-1",
                            "node_pool.0.node_config.0.metadata.%": "0",
                            "node_pool.0.node_config.0.min_cpu_platform": "",
                            "node_pool.0.node_config.0.oauth_scopes.#": "6",
                            "node_pool.0.node_config.0.oauth_scopes.1277378754": "https://www.googleapis.com/auth/monitoring",
                            "node_pool.0.node_config.0.oauth_scopes.1632638332": "https://www.googleapis.com/auth/devstorage.read_only",
                            "node_pool.0.node_config.0.oauth_scopes.172152165": "https://www.googleapis.com/auth/logging.write",
                            "node_pool.0.node_config.0.oauth_scopes.316356861": "https://www.googleapis.com/auth/service.management.readonly",
                            "node_pool.0.node_config.0.oauth_scopes.3663490875": "https://www.googleapis.com/auth/servicecontrol",
                            "node_pool.0.node_config.0.oauth_scopes.3859019814": "https://www.googleapis.com/auth/trace.append",
                            "node_pool.0.node_config.0.preemptible": "false",
                            "node_pool.0.node_config.0.service_account": "default",
                            "node_pool.0.node_config.0.tags.#": "0",
                            "node_pool.0.node_config.0.taint.#": "0",
                            "node_pool.0.node_config.0.workload_metadata_config.#": "0",
                            "node_pool.0.node_count": "2",
                            "node_pool.0.version": "1.10.9-gke.5",
                            "node_version": "1.10.9-gke.5",
                            "pod_security_policy_config.#": "0",
                            "private_cluster": "false",
                            "private_cluster_config.#": "0",
                            "project": "learn-internal",
                            "resource_labels.%": "0",
                            "subnetwork": "projects/learn-internal/regions/asia-south1/subnetworks/test-gke-snw",
                            "zone": "asia-south1-a"
                        },
                        "meta": {
                            "e2bfb730-ecaa-11e6-8f88-34363bc7c4c0": {
                                "create": 1800000000000,
                                "delete": 1800000000000,
                                "update": 600000000000
                            },
                            "schema_version": "1"
                        },
                        "tainted": false
                    },
                    "deposed": [],
                    "provider": "provider.google"
                }
            },
            "depends_on": []
        }
    ]
}
